# @generated - this file is auto-generated by `mise lock` https://mise.jdx.dev/dev-tools/mise-lock.html

lockfile_version = 1

[[tools."aqua:1password/cli"]]
version = "2.39.0"
backend = "aqua:1password/cli"
specifiers = ["2.39.0"]

[tools."aqua:1password/cli"."platforms.linux-arm64"]
url = "https://cache.agilebits.com/dist/1P/op2/pkg/v2.39.0/op_linux_arm64_v2.39.0.zip"

[tools."aqua:1password/cli"."platforms.linux-arm64-musl"]
url = "https://cache.agilebits.com/dist/1P/op2/pkg/v2.39.0/op_linux_arm64_v2.39.0.zip"

[tools."aqua:1password/cli"."platforms.linux-x64"]
url = "https://cache.agilebits.com/dist/1P/op2/pkg/v2.39.0/op_linux_amd64_v2.39.0.zip"

[tools."aqua:1password/cli"."platforms.linux-x64-musl"]
url = "https://cache.agilebits.com/dist/1P/op2/pkg/v2.39.0/op_linux_amd64_v2.39.0.zip"

[tools."aqua:1password/cli"."platforms.macos-arm64"]
url = "https://cache.agilebits.com/dist/1P/op2/pkg/v2.39.0/op_darwin_arm64_v2.39.0.zip"

[tools."aqua:1password/cli"."platforms.macos-x64"]
url = "https://cache.agilebits.com/dist/1P/op2/pkg/v2.39.0/op_darwin_amd64_v2.39.0.zip"

[tools."aqua:1password/cli"."platforms.windows-x64"]
url = "https://cache.agilebits.com/dist/1P/op2/pkg/v2.39.0/op_windows_amd64_v2.39.0.zip"

[[tools.bat]]
version = "0.26.1"
backend = "aqua:sharkdp/bat"
specifiers = ["latest"]

[tools.bat."platforms.linux-arm64"]
checksum = "sha256:422eb73e11c854fddd99f5ca8461c2f1d6e6dce0a2a8c3d5daade5ffcb6564aa"
url = "https://github.com/sharkdp/bat/releases/download/v0.26.1/bat-v0.26.1-aarch64-unknown-linux-gnu.tar.gz"
url_api = "https://api.github.com/repos/sharkdp/bat/releases/assets/323548647"

[tools.bat."platforms.linux-arm64-musl"]
checksum = "sha256:6369242c584065f195fb20cb36fbd7cb63ae690605bbe89868a7596b596c2c23"
url = "https://github.com/sharkdp/bat/releases/download/v0.26.1/bat-v0.26.1-aarch64-unknown-linux-musl.tar.gz"
url_api = "https://api.github.com/repos/sharkdp/bat/releases/assets/323548153"

[tools.bat."platforms.linux-x64"]
checksum = "sha256:726f04c8f576a7fd18b7634f1bbf2f915c43494c1c0f013baa3287edb0d5a2a3"
url = "https://github.com/sharkdp/bat/releases/download/v0.26.1/bat-v0.26.1-x86_64-unknown-linux-gnu.tar.gz"
url_api = "https://api.github.com/repos/sharkdp/bat/releases/assets/323549181"

[tools.bat."platforms.linux-x64-musl"]
checksum = "sha256:0dcd8ac79732c0d5b136f11f4ee00e581440e16a44eab5b3105b611bbf2cf191"
url = "https://github.com/sharkdp/bat/releases/download/v0.26.1/bat-v0.26.1-x86_64-unknown-linux-musl.tar.gz"
url_api = "https://api.github.com/repos/sharkdp/bat/releases/assets/323549429"

[tools.bat."platforms.macos-arm64"]
checksum = "sha256:e30beff26779c9bf60bb541e1d79046250cb74378f2757f8eb250afddb19e114"
url = "https://github.com/sharkdp/bat/releases/download/v0.26.1/bat-v0.26.1-aarch64-apple-darwin.tar.gz"
url_api = "https://api.github.com/repos/sharkdp/bat/releases/assets/323548442"

[tools.bat."platforms.macos-x64"]
checksum = "sha256:830d63b0bba1fa040542ec569e3cf77f60d3356b9de75116a344b061e0894245"
url = "https://github.com/sharkdp/bat/releases/download/v0.26.1/bat-v0.26.1-x86_64-apple-darwin.tar.gz"
url_api = "https://api.github.com/repos/sharkdp/bat/releases/assets/323549786"

[tools.bat."platforms.windows-x64"]
checksum = "sha256:0f729b4b6f5f28d395c641eacc2e9ff68d0096b85aa0eec344aa62425144b69b"
url = "https://github.com/sharkdp/bat/releases/download/v0.26.1/bat-v0.26.1-x86_64-pc-windows-msvc.zip"
url_api = "https://api.github.com/repos/sharkdp/bat/releases/assets/323549116"

[[tools.codex]]
version = "0.156.1"
backend = "aqua:openai/codex"
specifiers = ["latest"]

[tools.codex."platforms.linux-arm64"]
checksum = "sha256:fdd47ed6aade0360796fd3f6f95a45096f327c15e19e8c7339f9dc5633041786"
url = "https://github.com/openai/codex/releases/download/rust-v0.156.1/codex-package-aarch64-unknown-linux-musl.tar.gz"
url_api = "https://api.github.com/repos/openai/codex/releases/assets/582791754"

[tools.codex."platforms.linux-arm64-musl"]
checksum = "sha256:fdd47ed6aade0360796fd3f6f95a45096f327c15e19e8c7339f9dc5633041786"
url = "https://github.com/openai/codex/releases/download/rust-v0.156.1/codex-package-aarch64-unknown-linux-musl.tar.gz"
url_api = "https://api.github.com/repos/openai/codex/releases/assets/582791754"

[tools.codex."platforms.linux-x64"]
checksum = "sha256:8b711520beddf385467b8da4d2c93736637c6ba1e46811cf0d8606b7c490b6f6"
url = "https://github.com/openai/codex/releases/download/rust-v0.156.1/codex-package-x86_64-unknown-linux-musl.tar.gz"
url_api = "https://api.github.com/repos/openai/codex/releases/assets/582785983"

[tools.codex."platforms.linux-x64-musl"]
checksum = "sha256:8b711520beddf385467b8da4d2c93736637c6ba1e46811cf0d8606b7c490b6f6"
url = "https://github.com/openai/codex/releases/download/rust-v0.156.1/codex-package-x86_64-unknown-linux-musl.tar.gz"
url_api = "https://api.github.com/repos/openai/codex/releases/assets/582785983"

[tools.codex."platforms.macos-arm64"]
checksum = "sha256:fea42f9625091f011e38f059da974d52e57ba31831648bb1c7f0b1a385fde547"
url = "https://github.com/openai/codex/releases/download/rust-v0.156.1/codex-package-aarch64-apple-darwin.tar.gz"
url_api = "https://api.github.com/repos/openai/codex/releases/assets/582795411"

[tools.codex."platforms.macos-x64"]
checksum = "sha256:618dbcd55419fa041871f777a14b107ceb3fe2d339ef81e21e6ab5374420dc71"
url = "https://github.com/openai/codex/releases/download/rust-v0.156.1/codex-package-x86_64-apple-darwin.tar.gz"
url_api = "https://api.github.com/repos/openai/codex/releases/assets/582789045"

[tools.codex."platforms.windows-x64"]
checksum = "sha256:a2e017db9807e6a2269a26fea0e1d9546469cef4d472a33016bc9f3ad7d3b733"
url = "https://github.com/openai/codex/releases/download/rust-v0.156.1/codex-package-x86_64-pc-windows-msvc.tar.gz"
url_api = "https://api.github.com/repos/openai/codex/releases/assets/582787444"

[[tools.delta]]
version = "0.19.2"
backend = "aqua:dandavison/delta"
specifiers = ["latest"]

[tools.delta."platforms.linux-arm64"]
checksum = "sha256:0bfce159a5cddd5feb3d6db4a616d883ff51253ce08ac7ec11cb1d208cfaab9e"
url = "https://github.com/dandavison/delta/releases/download/0.19.2/delta-0.19.2-aarch64-unknown-linux-gnu.tar.gz"
url_api = "https://api.github.com/repos/dandavison/delta/releases/assets/383662337"

[tools.delta."platforms.linux-x64"]
checksum = "sha256:8e695c5f586a8c53d6c3b01be0b4a422ed218bfed2a56191caebe373a1c18ab2"
url = "https://github.com/dandavison/delta/releases/download/0.19.2/delta-0.19.2-x86_64-unknown-linux-gnu.tar.gz"
url_api = "https://api.github.com/repos/dandavison/delta/releases/assets/383662069"

[tools.delta."platforms.linux-x64-musl"]
checksum = "sha256:f1ea01ca7728ce3462debc359f39dfc7cbbc1a63224b71fefabf92042864aa1b"
url = "https://github.com/dandavison/delta/releases/download/0.19.2/delta-0.19.2-x86_64-unknown-linux-musl.tar.gz"
url_api = "https://api.github.com/repos/dandavison/delta/releases/assets/383662298"

[tools.delta."platforms.macos-arm64"]
checksum = "sha256:9be36612a5a13e9e386dc498fb8e50dc87c72ee42b63db0ea05b32f99a72a69a"
url = "https://github.com/dandavison/delta/releases/download/0.19.2/delta-0.19.2-aarch64-apple-darwin.tar.gz"
url_api = "https://api.github.com/repos/dandavison/delta/releases/assets/383662310"

[tools.delta."platforms.windows-x64"]
checksum = "sha256:ac8ebb4a9f1cbee8b9ea897ba119808a244181adae6f3bed1f3b6b923c50b557"
url = "https://github.com/dandavison/delta/releases/download/0.19.2/delta-0.19.2-x86_64-pc-windows-msvc.zip"
url_api = "https://api.github.com/repos/dandavison/delta/releases/assets/383663165"

[[tools.eza]]
version = "0.23.5"
backend = "vfox:eza"
specifiers = ["latest"]

[tools.eza."platforms.linux-arm64"]
url = "https://github.com/eza-community/eza/releases/download/v0.23.5/eza_aarch64-unknown-linux-gnu.tar.gz"

[tools.eza."platforms.linux-arm64-musl"]
url = "https://github.com/eza-community/eza/releases/download/v0.23.5/eza_aarch64-unknown-linux-gnu.tar.gz"

[tools.eza."platforms.linux-x64"]
url = "https://github.com/eza-community/eza/releases/download/v0.23.5/eza_x86_64-unknown-linux-gnu.tar.gz"

[tools.eza."platforms.linux-x64-musl"]
url = "https://github.com/eza-community/eza/releases/download/v0.23.5/eza_x86_64-unknown-linux-gnu.tar.gz"

[tools.eza."platforms.macos-arm64"]
url = "https://github.com/cargo-bins/cargo-quickinstall/releases/download/eza-0.23.5/eza-0.23.5-aarch64-apple-darwin.tar.gz"

[tools.eza."platforms.macos-x64"]
url = "https://github.com/cargo-bins/cargo-quickinstall/releases/download/eza-0.23.5/eza-0.23.5-x86_64-apple-darwin.tar.gz"

[tools.eza."platforms.windows-x64"]
url = "https://github.com/eza-community/eza/releases/download/v0.23.5/eza.exe_x86_64-pc-windows-gnu.tar.gz"

[[tools.fd]]
version = "10.5.0"
backend = "aqua:sharkdp/fd"
specifiers = ["latest"]

[tools.fd."platforms.linux-arm64"]
checksum = "sha256:c0ee43802e3313a317c5af2f4eabd6ba13eeedd595af9775f05e18a13ac4f52c"
url = "https://github.com/sharkdp/fd/releases/download/v10.5.0/fd-v10.5.0-aarch64-unknown-linux-gnu.tar.gz"
url_api = "https://api.github.com/repos/sharkdp/fd/releases/assets/530482307"

[tools.fd."platforms.linux-arm64-musl"]
checksum = "sha256:d76c4317f7d5dba69f8a2a15856c90c777e7f0dd4e85f0de8c76de6992c374d4"
url = "https://github.com/sharkdp/fd/releases/download/v10.5.0/fd-v10.5.0-aarch64-unknown-linux-musl.tar.gz"
url_api = "https://api.github.com/repos/sharkdp/fd/releases/assets/530481810"

[tools.fd."platforms.linux-x64"]
checksum = "sha256:a1259cd129636efbc3fef123525c1b49e88fe5088c012630983c310e52fdfa95"
url = "https://github.com/sharkdp/fd/releases/download/v10.5.0/fd-v10.5.0-x86_64-unknown-linux-gnu.tar.gz"
url_api = "https://api.github.com/repos/sharkdp/fd/releases/assets/530481615"

[tools.fd."platforms.linux-x64-musl"]
checksum = "sha256:761c72dc8e120d85b22292063be8a796e2eeb20eb3e4f38b8fa2343ccf3514a7"
url = "https://github.com/sharkdp/fd/releases/download/v10.5.0/fd-v10.5.0-x86_64-unknown-linux-musl.tar.gz"
url_api = "https://api.github.com/repos/sharkdp/fd/releases/assets/530481315"

[tools.fd."platforms.macos-arm64"]
checksum = "sha256:b67e1836c468e42e411984b56e52fa7abec08c2bd22c867398e7cc134aac5e12"
url = "https://github.com/sharkdp/fd/releases/download/v10.5.0/fd-v10.5.0-aarch64-apple-darwin.tar.gz"
url_api = "https://api.github.com/repos/sharkdp/fd/releases/assets/530481346"

[tools.fd."platforms.windows-x64"]
checksum = "sha256:a227701b8551c35a9931d9f6da75503cf86d88e182d71fb849a70864c5d57cd7"
url = "https://github.com/sharkdp/fd/releases/download/v10.5.0/fd-v10.5.0-x86_64-pc-windows-msvc.zip"
url_api = "https://api.github.com/repos/sharkdp/fd/releases/assets/530482901"

[[tools.fnox]]
version = "1.35.1"
backend = "github:jdx/fnox"
specifiers = ["1.35.1"]

[tools.fnox."platforms.linux-arm64"]
checksum = "sha256:d81a90ac6860947e24d6cfccb83102fab2899836c4144e1f8992f2c51749daab"
url = "https://github.com/jdx/fnox/releases/download/v1.35.1/fnox-aarch64-unknown-linux-gnu.tar.gz"
url_api = "https://api.github.com/repos/jdx/fnox/releases/assets/546210948"
provenance = "github-attestations"

[tools.fnox."platforms.linux-arm64-musl"]
checksum = "sha256:ea87196c4169fdf6170a7246c3ee3643cf6e9fd57d38c39a0626ef05c2531d91"
url = "https://github.com/jdx/fnox/releases/download/v1.35.1/fnox-aarch64-unknown-linux-musl.tar.gz"
url_api = "https://api.github.com/repos/jdx/fnox/releases/assets/546210949"
provenance = "github-attestations"

[tools.fnox."platforms.linux-x64"]
checksum = "sha256:ecdbccd01cac2d5e32601636cc0a7b1d8b1501151b4683d660b1c024763ced45"
url = "https://github.com/jdx/fnox/releases/download/v1.35.1/fnox-x86_64-unknown-linux-gnu.tar.gz"
url_api = "https://api.github.com/repos/jdx/fnox/releases/assets/546210980"
provenance = "github-attestations"

[tools.fnox."platforms.linux-x64-musl"]
checksum = "sha256:491aaab498435e9edfdd8561ddc571a684cec49cee653f294544bcdf04857cca"
url = "https://github.com/jdx/fnox/releases/download/v1.35.1/fnox-x86_64-unknown-linux-musl.tar.gz"
url_api = "https://api.github.com/repos/jdx/fnox/releases/assets/546210978"
provenance = "github-attestations"

[tools.fnox."platforms.macos-arm64"]
checksum = "sha256:9b733a2b9e3e893e73131cc3c7d64c8596de4c7210b47f3695ed4011d798a1e6"
url = "https://github.com/jdx/fnox/releases/download/v1.35.1/fnox-aarch64-apple-darwin.tar.gz"
url_api = "https://api.github.com/repos/jdx/fnox/releases/assets/546210951"
provenance = "github-attestations"
provenance_verified = true

[tools.fnox."platforms.macos-x64"]
checksum = "sha256:77e920b21e42af9df0d6bf1bba58ad95cbf28557009f172c73db2fea651c9962"
url = "https://github.com/jdx/fnox/releases/download/v1.35.1/fnox-x86_64-apple-darwin.tar.gz"
url_api = "https://api.github.com/repos/jdx/fnox/releases/assets/546210947"
provenance = "github-attestations"

[tools.fnox."platforms.windows-x64"]
checksum = "sha256:4a8ac72394d0b678fc603add1559f7d4572212b0b08fc4884426b69af036d632"
url = "https://github.com/jdx/fnox/releases/download/v1.35.1/fnox-x86_64-pc-windows-msvc.zip"
url_api = "https://api.github.com/repos/jdx/fnox/releases/assets/546210974"
provenance = "github-attestations"

[[tools.fzf]]
version = "0.74.4"
backend = "aqua:junegunn/fzf"
specifiers = ["latest"]

[tools.fzf."platforms.linux-arm64"]
checksum = "sha256:5d673b849f494f0d64ec471d8640b153ca8849e3846a31da17abdcfce8df6b46"
url = "https://github.com/junegunn/fzf/releases/download/v0.74.4/fzf-0.74.4-linux_arm64.tar.gz"
url_api = "https://api.github.com/repos/junegunn/fzf/releases/assets/558287789"

[tools.fzf."platforms.linux-arm64-musl"]
checksum = "sha256:5d673b849f494f0d64ec471d8640b153ca8849e3846a31da17abdcfce8df6b46"
url = "https://github.com/junegunn/fzf/releases/download/v0.74.4/fzf-0.74.4-linux_arm64.tar.gz"
url_api = "https://api.github.com/repos/junegunn/fzf/releases/assets/558287789"

[tools.fzf."platforms.linux-x64"]
checksum = "sha256:05e6813a337cc722c3ed07e54a764b75cc5d671e2e60459db0ba696ee5fa7504"
url = "https://github.com/junegunn/fzf/releases/download/v0.74.4/fzf-0.74.4-linux_amd64.tar.gz"
url_api = "https://api.github.com/repos/junegunn/fzf/releases/assets/558287768"

[tools.fzf."platforms.linux-x64-musl"]
checksum = "sha256:05e6813a337cc722c3ed07e54a764b75cc5d671e2e60459db0ba696ee5fa7504"
url = "https://github.com/junegunn/fzf/releases/download/v0.74.4/fzf-0.74.4-linux_amd64.tar.gz"
url_api = "https://api.github.com/repos/junegunn/fzf/releases/assets/558287768"

[tools.fzf."platforms.macos-arm64"]
checksum = "sha256:4f6a113bfc0c7959e0005c78d566a51afc4fcefc956f43735c62a9deb19e92ae"
url = "https://github.com/junegunn/fzf/releases/download/v0.74.4/fzf-0.74.4-darwin_arm64.tar.gz"
url_api = "https://api.github.com/repos/junegunn/fzf/releases/assets/558287774"

[tools.fzf."platforms.macos-x64"]
checksum = "sha256:2d392b50be66e2ab104ccd52a6072df692b1f9b9c5b449a9c098de885f32c4c5"
url = "https://github.com/junegunn/fzf/releases/download/v0.74.4/fzf-0.74.4-darwin_amd64.tar.gz"
url_api = "https://api.github.com/repos/junegunn/fzf/releases/assets/558287717"

[tools.fzf."platforms.windows-x64"]
checksum = "sha256:5e63c0e798406fcb9c51a9fed4988398e25fdabf8c670e32c16caf7b4a7ed02d"
url = "https://github.com/junegunn/fzf/releases/download/v0.74.4/fzf-0.74.4-windows_amd64.zip"
url_api = "https://api.github.com/repos/junegunn/fzf/releases/assets/558287758"

[[tools.github-cli]]
version = "2.101.0"
backend = "aqua:cli/cli"
specifiers = ["latest"]

[tools.github-cli."platforms.linux-arm64"]
checksum = "sha256:b57e8063f18862647c9d22727c32e9da1b963f8bf9db648fe123a6975695640f"
url = "https://github.com/cli/cli/releases/download/v2.101.0/gh_2.101.0_linux_arm64.tar.gz"
url_api = "https://api.github.com/repos/cli/cli/releases/assets/565857147"
provenance = "github-attestations"

[tools.github-cli."platforms.linux-arm64-musl"]
checksum = "sha256:b57e8063f18862647c9d22727c32e9da1b963f8bf9db648fe123a6975695640f"
url = "https://github.com/cli/cli/releases/download/v2.101.0/gh_2.101.0_linux_arm64.tar.gz"
url_api = "https://api.github.com/repos/cli/cli/releases/assets/565857147"
provenance = "github-attestations"

[tools.github-cli."platforms.linux-x64"]
checksum = "sha256:9bca2d1c16825f109907a23307628a2f0698fbf99662b73a5cf0b020293072b8"
url = "https://github.com/cli/cli/releases/download/v2.101.0/gh_2.101.0_linux_amd64.tar.gz"
url_api = "https://api.github.com/repos/cli/cli/releases/assets/565857134"
provenance = "github-attestations"

[tools.github-cli."platforms.linux-x64-musl"]
checksum = "sha256:9bca2d1c16825f109907a23307628a2f0698fbf99662b73a5cf0b020293072b8"
url = "https://github.com/cli/cli/releases/download/v2.101.0/gh_2.101.0_linux_amd64.tar.gz"
url_api = "https://api.github.com/repos/cli/cli/releases/assets/565857134"
provenance = "github-attestations"

[tools.github-cli."platforms.macos-arm64"]
checksum = "sha256:e4303e39d8f07141c4bad4b99b01079f05029c59b27076e8fbc825c985ecdd8b"
url = "https://github.com/cli/cli/releases/download/v2.101.0/gh_2.101.0_macOS_arm64.zip"
url_api = "https://api.github.com/repos/cli/cli/releases/assets/565857200"
provenance = "github-attestations"

[tools.github-cli."platforms.macos-x64"]
checksum = "sha256:a6fd66c88e2f07d6e4e058173db341d07dd74d58cf8f19ae668293d2bb614ca3"
url = "https://github.com/cli/cli/releases/download/v2.101.0/gh_2.101.0_macOS_amd64.zip"
url_api = "https://api.github.com/repos/cli/cli/releases/assets/565857203"
provenance = "github-attestations"

[tools.github-cli."platforms.windows-x64"]
checksum = "sha256:bc6c814367b193cd8e713611d61e36013c0ef843b8f516458fe3eda039192794"
url = "https://github.com/cli/cli/releases/download/v2.101.0/gh_2.101.0_windows_amd64.zip"
url_api = "https://api.github.com/repos/cli/cli/releases/assets/565857681"
provenance = "github-attestations"

[[tools.jq]]
version = "1.8.2"
backend = "aqua:jqlang/jq"
specifiers = ["latest"]

[tools.jq."platforms.linux-arm64"]
checksum = "sha256:8b85c817833814ddca00a144c33705546355afccf0cf39b188f3cdb48b852309"
url = "https://github.com/jqlang/jq/releases/download/jq-1.8.2/jq-linux-arm64"
url_api = "https://api.github.com/repos/jqlang/jq/releases/assets/453012756"
provenance = "github-attestations"

[tools.jq."platforms.linux-arm64-musl"]
checksum = "sha256:8b85c817833814ddca00a144c33705546355afccf0cf39b188f3cdb48b852309"
url = "https://github.com/jqlang/jq/releases/download/jq-1.8.2/jq-linux-arm64"
url_api = "https://api.github.com/repos/jqlang/jq/releases/assets/453012756"
provenance = "github-attestations"

[tools.jq."platforms.linux-x64"]
checksum = "sha256:b1c22172dd303f3be49e935aa56aa48a8b7a46e0bc838b4997d3bb451495870f"
url = "https://github.com/jqlang/jq/releases/download/jq-1.8.2/jq-linux-amd64"
url_api = "https://api.github.com/repos/jqlang/jq/releases/assets/453012752"
provenance = "github-attestations"

[tools.jq."platforms.linux-x64-musl"]
checksum = "sha256:b1c22172dd303f3be49e935aa56aa48a8b7a46e0bc838b4997d3bb451495870f"
url = "https://github.com/jqlang/jq/releases/download/jq-1.8.2/jq-linux-amd64"
url_api = "https://api.github.com/repos/jqlang/jq/releases/assets/453012752"
provenance = "github-attestations"

[tools.jq."platforms.macos-arm64"]
checksum = "sha256:2d75340ba57a4b4b4c8708a21c2dc8e958a48aaa8bba13b27f77f6e4c0eca07e"
url = "https://github.com/jqlang/jq/releases/download/jq-1.8.2/jq-macos-arm64"
url_api = "https://api.github.com/repos/jqlang/jq/releases/assets/453012783"
provenance = "github-attestations"

[tools.jq."platforms.macos-x64"]
checksum = "sha256:e94b266e3c26690550006abe63152b782280f4e14374accdf04cbde844f00bc0"
url = "https://github.com/jqlang/jq/releases/download/jq-1.8.2/jq-macos-amd64"
url_api = "https://api.github.com/repos/jqlang/jq/releases/assets/453012782"
provenance = "github-attestations"

[tools.jq."platforms.windows-x64"]
checksum = "sha256:a6fc67fedaf9128a3309a1e2ebb8b986aeccf70122ee46d2cb4849e423f0c627"
url = "https://github.com/jqlang/jq/releases/download/jq-1.8.2/jq-windows-amd64.exe"
url_api = "https://api.github.com/repos/jqlang/jq/releases/assets/453012788"
provenance = "github-attestations"

[[tools.node]]
version = "24.20.0"
backend = "core:node"
specifiers = ["24.20.0"]

[tools.node."platforms.linux-arm64"]
checksum = "sha256:3515603e2487879a39bc75716f1a2affd027500c64ba50e845cf72cb33219013"
url = "https://nodejs.org/dist/v24.20.0/node-v24.20.0-linux-arm64.tar.gz"

[tools.node."platforms.linux-arm64-musl"]
checksum = "sha256:2c8c507ccb0f20812d9526ba8ca454b1652aadef68fc8bad06f07fb1122dd1ef"
url = "https://unofficial-builds.nodejs.org/download/release/v24.20.0/node-v24.20.0-linux-arm64-musl.tar.gz"

[tools.node."platforms.linux-x64"]
checksum = "sha256:855d581f8a4eb1a8117e3426de25fe02770592febcfb31369aee1ffbfee9e8ec"
url = "https://nodejs.org/dist/v24.20.0/node-v24.20.0-linux-x64.tar.gz"

[tools.node."platforms.linux-x64-musl"]
checksum = "sha256:9ae1399fef4bd8990e15773ce1327b336a20b9e97d8c7549f4f42ca73c43f562"
url = "https://unofficial-builds.nodejs.org/download/release/v24.20.0/node-v24.20.0-linux-x64-musl.tar.gz"

[tools.node."platforms.macos-arm64"]
checksum = "sha256:40e5607e5ecb3db9192723776da2d75d966260fc74a7a9e731c1bd67dda96bc8"
url = "https://nodejs.org/dist/v24.20.0/node-v24.20.0-darwin-arm64.tar.gz"

[tools.node."platforms.macos-x64"]
checksum = "sha256:9e5b2644cf107befb6aefca676b96d3296bc10138096f022ed378d6233ed81f4"
url = "https://nodejs.org/dist/v24.20.0/node-v24.20.0-darwin-x64.tar.gz"

[tools.node."platforms.windows-x64"]
checksum = "sha256:6cac9ffbca8f6a47091e4b5c772e0606049c3871cb67d900c0cedde630e545ba"
url = "https://nodejs.org/dist/v24.20.0/node-v24.20.0-win-x64.zip"

[[tools."pipx:htomd"]]
version = "0.1.0"
backend = "pipx:htomd"
specifiers = ["0.1.0"]

[tools."pipx:htomd".options]
uvx_args = "--python 3.14"

[[tools.ripgrep]]
version = "15.2.0"
backend = "aqua:BurntSushi/ripgrep"
specifiers = ["latest"]

[tools.ripgrep."platforms.linux-arm64"]
checksum = "sha256:a740b91c82eaf9914cfedd353572f2791cbe0162c84101ee0951058f4dcbc90d"
url = "https://github.com/BurntSushi/ripgrep/releases/download/15.2.0/ripgrep-15.2.0-aarch64-unknown-linux-gnu.tar.gz"
url_api = "https://api.github.com/repos/BurntSushi/ripgrep/releases/assets/478119579"

[tools.ripgrep."platforms.linux-arm64-musl"]
checksum = "sha256:800b1e7206afe799dfb5a6901f23147cfaabe0e52210538100f61e86e1740915"
url = "https://github.com/BurntSushi/ripgrep/releases/download/15.2.0/ripgrep-15.2.0-aarch64-unknown-linux-musl.tar.gz"
url_api = "https://api.github.com/repos/BurntSushi/ripgrep/releases/assets/478120060"

[tools.ripgrep."platforms.linux-x64"]
checksum = "sha256:33e15bcf1624b25cdd2a55813a47a2f95dbe126268203e76aa6a585d1e7b149c"
url = "https://github.com/BurntSushi/ripgrep/releases/download/15.2.0/ripgrep-15.2.0-x86_64-unknown-linux-musl.tar.gz"
url_api = "https://api.github.com/repos/BurntSushi/ripgrep/releases/assets/478120097"

[tools.ripgrep."platforms.linux-x64-musl"]
checksum = "sha256:33e15bcf1624b25cdd2a55813a47a2f95dbe126268203e76aa6a585d1e7b149c"
url = "https://github.com/BurntSushi/ripgrep/releases/download/15.2.0/ripgrep-15.2.0-x86_64-unknown-linux-musl.tar.gz"
url_api = "https://api.github.com/repos/BurntSushi/ripgrep/releases/assets/478120097"

[tools.ripgrep."platforms.macos-arm64"]
checksum = "sha256:3750b2e93f37e0c692657da574d7019a101c0084da05a790c83fd335bad973e4"
url = "https://github.com/BurntSushi/ripgrep/releases/download/15.2.0/ripgrep-15.2.0-aarch64-apple-darwin.tar.gz"
url_api = "https://api.github.com/repos/BurntSushi/ripgrep/releases/assets/478118851"

[tools.ripgrep."platforms.macos-x64"]
checksum = "sha256:af7825fcc69a2afc7a7aea55fc9af90e26421d8f20fe59df32e233c0b8a231c1"
url = "https://github.com/BurntSushi/ripgrep/releases/download/15.2.0/ripgrep-15.2.0-x86_64-apple-darwin.tar.gz"
url_api = "https://api.github.com/repos/BurntSushi/ripgrep/releases/assets/478119585"

[tools.ripgrep."platforms.windows-x64"]
checksum = "sha256:71b2fef860abe467217a538ff31de02f5258807c0129f771846f87bd029aafc5"
url = "https://github.com/BurntSushi/ripgrep/releases/download/15.2.0/ripgrep-15.2.0-x86_64-pc-windows-msvc.zip"
url_api = "https://api.github.com/repos/BurntSushi/ripgrep/releases/assets/478119643"

[[tools.shellcheck]]
version = "0.11.0"
backend = "aqua:koalaman/shellcheck"
specifiers = ["latest"]

[tools.shellcheck."platforms.linux-arm64"]
checksum = "sha256:12b331c1d2db6b9eb13cfca64306b1b157a86eb69db83023e261eaa7e7c14588"
url = "https://github.com/koalaman/shellcheck/releases/download/v0.11.0/shellcheck-v0.11.0.linux.aarch64.tar.xz"
url_api = "https://api.github.com/repos/koalaman/shellcheck/releases/assets/279056934"

[tools.shellcheck."platforms.linux-arm64-musl"]
checksum = "sha256:12b331c1d2db6b9eb13cfca64306b1b157a86eb69db83023e261eaa7e7c14588"
url = "https://github.com/koalaman/shellcheck/releases/download/v0.11.0/shellcheck-v0.11.0.linux.aarch64.tar.xz"
url_api = "https://api.github.com/repos/koalaman/shellcheck/releases/assets/279056934"

[tools.shellcheck."platforms.linux-x64"]
checksum = "sha256:8c3be12b05d5c177a04c29e3c78ce89ac86f1595681cab149b65b97c4e227198"
url = "https://github.com/koalaman/shellcheck/releases/download/v0.11.0/shellcheck-v0.11.0.linux.x86_64.tar.xz"
url_api = "https://api.github.com/repos/koalaman/shellcheck/releases/assets/279056942"

[tools.shellcheck."platforms.linux-x64-musl"]
checksum = "sha256:8c3be12b05d5c177a04c29e3c78ce89ac86f1595681cab149b65b97c4e227198"
url = "https://github.com/koalaman/shellcheck/releases/download/v0.11.0/shellcheck-v0.11.0.linux.x86_64.tar.xz"
url_api = "https://api.github.com/repos/koalaman/shellcheck/releases/assets/279056942"

[tools.shellcheck."platforms.macos-arm64"]
checksum = "sha256:56affdd8de5527894dca6dc3d7e0a99a873b0f004d7aabc30ae407d3f48b0a79"
url = "https://github.com/koalaman/shellcheck/releases/download/v0.11.0/shellcheck-v0.11.0.darwin.aarch64.tar.xz"
url_api = "https://api.github.com/repos/koalaman/shellcheck/releases/assets/279056932"

[tools.shellcheck."platforms.macos-x64"]
checksum = "sha256:3c89db4edcab7cf1c27bff178882e0f6f27f7afdf54e859fa041fca10febe4c6"
url = "https://github.com/koalaman/shellcheck/releases/download/v0.11.0/shellcheck-v0.11.0.darwin.x86_64.tar.xz"
url_api = "https://api.github.com/repos/koalaman/shellcheck/releases/assets/279056930"

[tools.shellcheck."platforms.windows-x64"]
checksum = "sha256:8a4e35ab0b331c85d73567b12f2a444df187f483e5079ceffa6bda1faa2e740e"
url = "https://github.com/koalaman/shellcheck/releases/download/v0.11.0/shellcheck-v0.11.0.zip"
url_api = "https://api.github.com/repos/koalaman/shellcheck/releases/assets/279056944"

[[tools.shfmt]]
version = "3.14.1"
backend = "aqua:mvdan/sh"
specifiers = ["latest"]

[tools.shfmt."platforms.linux-arm64"]
checksum = "sha256:5f2db09dae91fca848f7adbdd014632e921a383863a2ad7e0450ad3aba0c6489"
url = "https://github.com/mvdan/sh/releases/download/v3.14.1/shfmt_v3.14.1_linux_arm64"
url_api = "https://api.github.com/repos/mvdan/sh/releases/assets/547320869"

[tools.shfmt."platforms.linux-arm64-musl"]
checksum = "sha256:5f2db09dae91fca848f7adbdd014632e921a383863a2ad7e0450ad3aba0c6489"
url = "https://github.com/mvdan/sh/releases/download/v3.14.1/shfmt_v3.14.1_linux_arm64"
url_api = "https://api.github.com/repos/mvdan/sh/releases/assets/547320869"

[tools.shfmt."platforms.linux-x64"]
checksum = "sha256:76e77641faa025814b77f153b29796b8e6fa2fca03e0c76a691608b86c7ea7bf"
url = "https://github.com/mvdan/sh/releases/download/v3.14.1/shfmt_v3.14.1_linux_amd64"
url_api = "https://api.github.com/repos/mvdan/sh/releases/assets/547320883"

[tools.shfmt."platforms.linux-x64-musl"]
checksum = "sha256:76e77641faa025814b77f153b29796b8e6fa2fca03e0c76a691608b86c7ea7bf"
url = "https://github.com/mvdan/sh/releases/download/v3.14.1/shfmt_v3.14.1_linux_amd64"
url_api = "https://api.github.com/repos/mvdan/sh/releases/assets/547320883"

[tools.shfmt."platforms.macos-arm64"]
checksum = "sha256:b7c872db63553ccffc7253aba3ed7d4885a27d83f1ba567b1138c6315a5847e5"
url = "https://github.com/mvdan/sh/releases/download/v3.14.1/shfmt_v3.14.1_darwin_arm64"
url_api = "https://api.github.com/repos/mvdan/sh/releases/assets/547320930"

[tools.shfmt."platforms.macos-x64"]
checksum = "sha256:d33eee0da0f92835b3562e9767a05cee7e4eaeef47daa03bfd09da17b4b590a6"
url = "https://github.com/mvdan/sh/releases/download/v3.14.1/shfmt_v3.14.1_darwin_amd64"
url_api = "https://api.github.com/repos/mvdan/sh/releases/assets/547320946"

[tools.shfmt."platforms.windows-x64"]
checksum = "sha256:13629ce28442ca80b6b5a819f7574ab39e1c28c6e26734ca816c9714e04851df"
url = "https://github.com/mvdan/sh/releases/download/v3.14.1/shfmt_v3.14.1_windows_amd64.exe"
url_api = "https://api.github.com/repos/mvdan/sh/releases/assets/547320827"

[[tools.starship]]
version = "1.26.0"
backend = "aqua:starship/starship"
specifiers = ["latest"]

[tools.starship."platforms.linux-arm64"]
checksum = "sha256:dc30189378d2f2e287384e8a692d3f95ad1df64cf0e8c36aa9201516028aed6b"
url = "https://github.com/starship/starship/releases/download/v1.26.0/starship-aarch64-unknown-linux-musl.tar.gz"
url_api = "https://api.github.com/repos/starship/starship/releases/assets/460374586"

[tools.starship."platforms.linux-arm64-musl"]
checksum = "sha256:dc30189378d2f2e287384e8a692d3f95ad1df64cf0e8c36aa9201516028aed6b"
url = "https://github.com/starship/starship/releases/download/v1.26.0/starship-aarch64-unknown-linux-musl.tar.gz"
url_api = "https://api.github.com/repos/starship/starship/releases/assets/460374586"

[tools.starship."platforms.linux-x64"]
checksum = "sha256:321f0dd7af8340a5f2e6a8fec6538a04f617486f9ec70d878f91c09cd8deef22"
url = "https://github.com/starship/starship/releases/download/v1.26.0/starship-x86_64-unknown-linux-gnu.tar.gz"
url_api = "https://api.github.com/repos/starship/starship/releases/assets/460374620"

[tools.starship."platforms.linux-x64-musl"]
checksum = "sha256:b7c232b0e8249d8e55a40beb79c5c43a7d370f3f9408bd215deb0170daeaadf3"
url = "https://github.com/starship/starship/releases/download/v1.26.0/starship-x86_64-unknown-linux-musl.tar.gz"
url_api = "https://api.github.com/repos/starship/starship/releases/assets/460374630"

[tools.starship."platforms.macos-arm64"]
checksum = "sha256:c40b27b11f580411e068f2fa6c1be7830a387c0bc47a94d1d37f32b054c5361d"
url = "https://github.com/starship/starship/releases/download/v1.26.0/starship-aarch64-apple-darwin.tar.gz"
url_api = "https://api.github.com/repos/starship/starship/releases/assets/460374577"

[tools.starship."platforms.macos-x64"]
checksum = "sha256:5548f406a4b6f5695903bdea83f77ce47ec12c8c0e62dabd33122d8f133e4207"
url = "https://github.com/starship/starship/releases/download/v1.26.0/starship-x86_64-apple-darwin.tar.gz"
url_api = "https://api.github.com/repos/starship/starship/releases/assets/460374608"

[tools.starship."platforms.windows-x64"]
checksum = "sha256:690021e22f2bf2c57d5867dc0fababe5e55e714c26942bd909ffddb6c5df42f2"
url = "https://github.com/starship/starship/releases/download/v1.26.0/starship-x86_64-pc-windows-msvc.zip"
url_api = "https://api.github.com/repos/starship/starship/releases/assets/460374615"

[[tools.uv]]
version = "0.12.18"
backend = "aqua:astral-sh/uv"
specifiers = ["latest"]

[tools.uv."platforms.linux-arm64"]
checksum = "sha256:afb6291f3f0a6b4521fc67b947822506c41dde5b60d2189dd8f3695b2ac8c9e7"
url = "https://github.com/astral-sh/uv/releases/download/0.12.18/uv-aarch64-unknown-linux-gnu.tar.gz"
url_api = "https://api.github.com/repos/astral-sh/uv/releases/assets/582430569"
provenance = "github-attestations"

[tools.uv."platforms.linux-arm64-musl"]
checksum = "sha256:0796973fb3eea8095078c3d0659bd17a5f6789a71b8dd85caff2483178f78ac3"
url = "https://github.com/astral-sh/uv/releases/download/0.12.18/uv-aarch64-unknown-linux-musl.tar.gz"
url_api = "https://api.github.com/repos/astral-sh/uv/releases/assets/582430577"
provenance = "github-attestations"

[tools.uv."platforms.linux-x64"]
checksum = "sha256:89eadd7c76fc063887959510d5ba0ab1264dfd5f1143b925ddb73021a40acf16"
url = "https://github.com/astral-sh/uv/releases/download/0.12.18/uv-x86_64-unknown-linux-gnu.tar.gz"
url_api = "https://api.github.com/repos/astral-sh/uv/releases/assets/582430671"
provenance = "github-attestations"

[tools.uv."platforms.linux-x64-musl"]
checksum = "sha256:e38d97460b98ebfd31b197de0fe9fa578add4bc8ba0179b203dd3f87b99f98e6"
url = "https://github.com/astral-sh/uv/releases/download/0.12.18/uv-x86_64-unknown-linux-musl.tar.gz"
url_api = "https://api.github.com/repos/astral-sh/uv/releases/assets/582430675"
provenance = "github-attestations"

[tools.uv."platforms.macos-arm64"]
checksum = "sha256:cf40e0c6a202190ccd9e0406dcfdd5b2d6668a9a5c779b17948963df32aafe5b"
url = "https://github.com/astral-sh/uv/releases/download/0.12.18/uv-aarch64-apple-darwin.tar.gz"
url_api = "https://api.github.com/repos/astral-sh/uv/releases/assets/582430554"
provenance = "github-attestations"

[tools.uv."platforms.macos-x64"]
checksum = "sha256:2e4108f5395397c8bc5d43bf83d3bdbb2d0e92b90d0efa607756be704905fa33"
url = "https://github.com/astral-sh/uv/releases/download/0.12.18/uv-x86_64-apple-darwin.tar.gz"
url_api = "https://api.github.com/repos/astral-sh/uv/releases/assets/582430660"
provenance = "github-attestations"

[tools.uv."platforms.windows-x64"]
checksum = "sha256:cae6a3bc25239f83dffb467a4b180508d9da23986c04639ebfa44e43e6a84bff"
url = "https://github.com/astral-sh/uv/releases/download/0.12.18/uv-x86_64-pc-windows-msvc.zip"
url_api = "https://api.github.com/repos/astral-sh/uv/releases/assets/582430665"
provenance = "github-attestations"

[[tools.zoxide]]
version = "0.10.0"
backend = "aqua:ajeetdsouza/zoxide"
specifiers = ["latest"]

[tools.zoxide."platforms.linux-arm64"]
checksum = "sha256:f1f16c5d6298d63dee467eedea1cdcd8490e43e493bea43acd416dc9033ef641"
url = "https://github.com/ajeetdsouza/zoxide/releases/download/v0.10.0/zoxide-0.10.0-aarch64-unknown-linux-musl.tar.gz"
url_api = "https://api.github.com/repos/ajeetdsouza/zoxide/releases/assets/466316402"

[tools.zoxide."platforms.linux-arm64-musl"]
checksum = "sha256:f1f16c5d6298d63dee467eedea1cdcd8490e43e493bea43acd416dc9033ef641"
url = "https://github.com/ajeetdsouza/zoxide/releases/download/v0.10.0/zoxide-0.10.0-aarch64-unknown-linux-musl.tar.gz"
url_api = "https://api.github.com/repos/ajeetdsouza/zoxide/releases/assets/466316402"

[tools.zoxide."platforms.linux-x64"]
checksum = "sha256:2d93385b99f3e82cf2701609a1bffcad863fbeb75aa3fe7eb6be4d29be68b1ae"
url = "https://github.com/ajeetdsouza/zoxide/releases/download/v0.10.0/zoxide-0.10.0-x86_64-unknown-linux-musl.tar.gz"
url_api = "https://api.github.com/repos/ajeetdsouza/zoxide/releases/assets/466316293"

[tools.zoxide."platforms.linux-x64-musl"]
checksum = "sha256:2d93385b99f3e82cf2701609a1bffcad863fbeb75aa3fe7eb6be4d29be68b1ae"
url = "https://github.com/ajeetdsouza/zoxide/releases/download/v0.10.0/zoxide-0.10.0-x86_64-unknown-linux-musl.tar.gz"
url_api = "https://api.github.com/repos/ajeetdsouza/zoxide/releases/assets/466316293"

[tools.zoxide."platforms.macos-arm64"]
checksum = "sha256:b55ae6f2f5f23d0a6ccb3bd4eeb2af9c7e0a6556e5255c82100e40305129bbb0"
url = "https://github.com/ajeetdsouza/zoxide/releases/download/v0.10.0/zoxide-0.10.0-aarch64-apple-darwin.tar.gz"
url_api = "https://api.github.com/repos/ajeetdsouza/zoxide/releases/assets/466316174"

[tools.zoxide."platforms.macos-x64"]
checksum = "sha256:18ab7ae2633ad6e2ab79a4e665cbba1e95b7c872d44523326efb793202451dad"
url = "https://github.com/ajeetdsouza/zoxide/releases/download/v0.10.0/zoxide-0.10.0-x86_64-apple-darwin.tar.gz"
url_api = "https://api.github.com/repos/ajeetdsouza/zoxide/releases/assets/466316167"

[tools.zoxide."platforms.windows-x64"]
checksum = "sha256:f465ae548f8754c8e7edbc60b45fbf58c92bfe123db83d790252d6810fa5daf1"
url = "https://github.com/ajeetdsouza/zoxide/releases/download/v0.10.0/zoxide-0.10.0-x86_64-pc-windows-msvc.zip"
url_api = "https://api.github.com/repos/ajeetdsouza/zoxide/releases/assets/466316769"
